
Microsoft Visual Studio Solution File, Format Version 12.00
# Visual Studio Version 17
VisualStudioVersion = 17.5.33516.290
MinimumVisualStudioVersion = 10.0.40219.1
Project("{9A19103F-16F7-4668-BE54-9A1E7A4F7556}") = "OdeToFood", "OdeToFood\OdeToFood.csproj", "{6EA3BBAA-CC9D-425B-9B8C-73E7140FCF26}"
EndProject
Project("{9A19103F-16F7-4668-BE54-9A1E7A4F7556}") = "OdeToFood.Core", "OdeToFood.Core\OdeToFood.Core.csproj", "{14578F79-F944-4255-A5E1-407632F62DCD}"
EndProject
Project("{9A19103F-16F7-4668-BE54-9A1E7A4F7556}") = "OdeToFood.Data", "OdeToFood.Data\OdeToFood.Data.csproj", "{858897D2-B52D-44F6-A461-0B80B0EC4A82}"
EndProject
Global
	GlobalSection(SolutionConfigurationPlatforms) = preSolution
		Debug|Any CPU = Debug|Any CPU
		Release|Any CPU = Release|Any CPU
	EndGlobalSection
	GlobalSection(ProjectConfigurationPlatforms) = postSolution
		{6EA3BBAA-CC9D-425B-9B8C-73E7140FCF26}.Debug|Any CPU.ActiveCfg = Debug|Any CPU
		{6EA3BBAA-CC9D-425B-9B8C-73E7140FCF26}.Debug|Any CPU.Build.0 = Debug|Any CPU
		{6EA3BBAA-CC9D-425B-9B8C-73E7140FCF26}.Release|Any CPU.ActiveCfg = Release|Any CPU
		{6EA3BBAA-CC9D-425B-9B8C-73E7140FCF26}.Release|Any CPU.Build.0 = Release|Any CPU
		{14578F79-F944-4255-A5E1-407632F62DCD}.Debug|Any CPU.ActiveCfg = Debug|Any CPU
		{14578F79-F944-4255-A5E1-407632F62DCD}.Debug|Any CPU.Build.0 = Debug|Any CPU
		{14578F79-F944-4255-A5E1-407632F62DCD}.Release|Any CPU.ActiveCfg = Release|Any CPU
		{14578F79-F944-4255-A5E1-407632F62DCD}.Release|Any CPU.Build.0 = Release|Any CPU
		{858897D2-B52D-44F6-A461-0B80B0EC4A82}.Debug|Any CPU.ActiveCfg = Debug|Any CPU
		{858897D2-B52D-44F6-A461-0B80B0EC4A82}.Debug|Any CPU.Build.0 = Debug|Any CPU
		{858897D2-B52D-44F6-A461-0B80B0EC4A82}.Release|Any CPU.ActiveCfg = Release|Any CPU
		{858897D2-B52D-44F6-A461-0B80B0EC4A82}.Release|Any CPU.Build.0 = Release|Any CPU
	EndGlobalSection
	GlobalSection(SolutionProperties) = preSolution
		HideSolutionNode = FALSE
	EndGlobalSection
	GlobalSection(ExtensibilityGlobals) = postSolution
		SolutionGuid = {FC3CA2A1-C731-4F23-8051-C3AFAA916D13}
	EndGlobalSection
EndGlobal
